
Microsoft Visual Studio Solution File, Format Version 12.00
# Visual Studio 15
VisualStudioVersion = 15.0.28307.2017
MinimumVisualStudioVersion = 10.0.40219.1
Project("{8BC9CEB8-8B4A-11D0-8D11-00A0C91BC942}") = "HelloBasicLightTest", "HelloBasicLightTest.vcxproj", "{013A58CC-1EFE-43DF-85CB-7B8D85A6D1F9}"
EndProject
Global
	GlobalSection(SolutionConfigurationPlatforms) = preSolution
		Debug|x64 = Debug|x64
		Release|x64 = Release|x64
	EndGlobalSection
	GlobalSection(ProjectConfigurationPlatforms) = postSolution
		{013A58CC-1EFE-43DF-85CB-7B8D85A6D1F9}.Debug|x64.ActiveCfg = Debug|x64
		{013A58CC-1EFE-43DF-85CB-7B8D85A6D1F9}.Debug|x64.Build.0 = Debug|x64
		{013A58CC-1EFE-43DF-85CB-7B8D85A6D1F9}.Release|x64.ActiveCfg = Release|x64
		{013A58CC-1EFE-43DF-85CB-7B8D85A6D1F9}.Release|x64.Build.0 = Release|x64
	EndGlobalSection
	GlobalSection(SolutionProperties) = preSolution
		HideSolutionNode = FALSE
	EndGlobalSection
	GlobalSection(ExtensibilityGlobals) = postSolution
		SolutionGuid = {96E91527-443A-456A-B2F7-97D49C617530}
	EndGlobalSection
EndGlobal
