
Microsoft Visual Studio Solution File, Format Version 12.00
# Visual Studio 15
VisualStudioVersion = 15.0.28307.2017
MinimumVisualStudioVersion = 10.0.40219.1
Project("{8BC9CEB8-8B4A-11D0-8D11-00A0C91BC942}") = "HelloShader", "HelloShader.vcxproj", "{67963C3F-EE3A-4822-84B4-3B4704CA7BFB}"
EndProject
Global
	GlobalSection(SolutionConfigurationPlatforms) = preSolution
		Debug|x64 = Debug|x64
		Release|x64 = Release|x64
	EndGlobalSection
	GlobalSection(ProjectConfigurationPlatforms) = postSolution
		{67963C3F-EE3A-4822-84B4-3B4704CA7BFB}.Debug|x64.ActiveCfg = Debug|x64
		{67963C3F-EE3A-4822-84B4-3B4704CA7BFB}.Debug|x64.Build.0 = Debug|x64
		{67963C3F-EE3A-4822-84B4-3B4704CA7BFB}.Release|x64.ActiveCfg = Release|x64
		{67963C3F-EE3A-4822-84B4-3B4704CA7BFB}.Release|x64.Build.0 = Release|x64
	EndGlobalSection
	GlobalSection(SolutionProperties) = preSolution
		HideSolutionNode = FALSE
	EndGlobalSection
	GlobalSection(ExtensibilityGlobals) = postSolution
		SolutionGuid = {4DF483FF-3A34-435F-A4AF-5B93BDD94BBE}
	EndGlobalSection
EndGlobal
